
Microsoft Visual Studio Solution File, Format Version 12.00
# Visual Studio Version 17
VisualStudioVersion = 17.6.33801.468
MinimumVisualStudioVersion = 10.0.40219.1
Project("{FAE04EC0-301F-11D3-BF4B-00C04F79EFBC}") = "Rubber_Roulette", "Rubber_Roulette\Rubber_Roulette.csproj", "{7DABE99C-85D4-4B19-9F23-C3309F1EFC76}"
EndProject
Global
	GlobalSection(SolutionConfigurationPlatforms) = preSolution
		Debug|Any CPU = Debug|Any CPU
		Release|Any CPU = Release|Any CPU
	EndGlobalSection
	GlobalSection(ProjectConfigurationPlatforms) = postSolution
		{7DABE99C-85D4-4B19-9F23-C3309F1EFC76}.Debug|Any CPU.ActiveCfg = Debug|Any CPU
		{7DABE99C-85D4-4B19-9F23-C3309F1EFC76}.Debug|Any CPU.Build.0 = Debug|Any CPU
		{7DABE99C-85D4-4B19-9F23-C3309F1EFC76}.Release|Any CPU.ActiveCfg = Release|Any CPU
		{7DABE99C-85D4-4B19-9F23-C3309F1EFC76}.Release|Any CPU.Build.0 = Release|Any CPU
	EndGlobalSection
	GlobalSection(SolutionProperties) = preSolution
		HideSolutionNode = FALSE
	EndGlobalSection
	GlobalSection(ExtensibilityGlobals) = postSolution
		SolutionGuid = {7A0CF0A7-8BB0-4E17-95FA-D2D57DC9CB7B}
	EndGlobalSection
EndGlobal
